
Microsoft Visual Studio Solution File, Format Version 12.00
# Visual Studio Version 16
VisualStudioVersion = 16.0.32228.343
MinimumVisualStudioVersion = 10.0.40219.1
Project("{888888A0-9F3D-457C-B088-3A5042F75D52}") = "elliptic_curve", "elliptic_curve.pyproj", "{4FB71D30-E0BF-4C50-9E96-E2C5FDD5E7F7}"
EndProject
Global
	GlobalSection(SolutionConfigurationPlatforms) = preSolution
		Debug|Any CPU = Debug|Any CPU
		Release|Any CPU = Release|Any CPU
	EndGlobalSection
	GlobalSection(ProjectConfigurationPlatforms) = postSolution
		{4FB71D30-E0BF-4C50-9E96-E2C5FDD5E7F7}.Debug|Any CPU.ActiveCfg = Debug|Any CPU
		{4FB71D30-E0BF-4C50-9E96-E2C5FDD5E7F7}.Release|Any CPU.ActiveCfg = Release|Any CPU
	EndGlobalSection
	GlobalSection(SolutionProperties) = preSolution
		HideSolutionNode = FALSE
	EndGlobalSection
	GlobalSection(ExtensibilityGlobals) = postSolution
		SolutionGuid = {82CFDBA0-FE60-42A6-95F9-EA25B0B666CF}
	EndGlobalSection
EndGlobal
